
Microsoft Visual Studio Solution File, Format Version 12.00
# Visual Studio Version 16
VisualStudioVersion = 16.0.30611.23
MinimumVisualStudioVersion = 10.0.40219.1
Project("{9A19103F-16F7-4668-BE54-9A1E7A4F7556}") = "Entities", "Entities\Entities.csproj", "{F037017A-1501-483E-875F-DC776619F754}"
EndProject
Project("{9A19103F-16F7-4668-BE54-9A1E7A4F7556}") = "Fakes", "Fakes\Fakes.csproj", "{05616B0F-F697-43F0-BF15-8EFA0886F3B2}"
EndProject
Project("{9A19103F-16F7-4668-BE54-9A1E7A4F7556}") = "TestConsole", "TestConsole\TestConsole.csproj", "{31B891F5-9BFE-4D26-B34F-568E5E6FF690}"
EndProject
Project("{9A19103F-16F7-4668-BE54-9A1E7A4F7556}") = "RestService", "RestService\RestService.csproj", "{7F9ACD5B-8223-48A7-9282-4530723DB465}"
EndProject
Project("{FAE04EC0-301F-11D3-BF4B-00C04F79EFBC}") = "Repository.Interfaces", "Repository.Interfaces\Repository.Interfaces.csproj", "{9655256C-56FA-4BF3-85A5-5D57ECF6877D}"
EndProject
Project("{FAE04EC0-301F-11D3-BF4B-00C04F79EFBC}") = "Repository.InMemory", "Repository.InMemory\Repository.InMemory.csproj", "{028EB667-238A-4D79-9A32-76E86E3A5217}"
EndProject
Project("{FAE04EC0-301F-11D3-BF4B-00C04F79EFBC}") = "BusinessLogic", "BusinessLogic\BusinessLogic.csproj", "{B4A00979-79BE-4C19-9FB2-826405771C9F}"
EndProject
Project("{FAE04EC0-301F-11D3-BF4B-00C04F79EFBC}") = "UnitTests", "UnitTests\UnitTests.csproj", "{C7751D34-CFB8-47D1-9A3A-1B91C8F3966F}"
EndProject
Global
	GlobalSection(SolutionConfigurationPlatforms) = preSolution
		Debug|Any CPU = Debug|Any CPU
		Release|Any CPU = Release|Any CPU
	EndGlobalSection
	GlobalSection(ProjectConfigurationPlatforms) = postSolution
		{F037017A-1501-483E-875F-DC776619F754}.Debug|Any CPU.ActiveCfg = Debug|Any CPU
		{F037017A-1501-483E-875F-DC776619F754}.Debug|Any CPU.Build.0 = Debug|Any CPU
		{F037017A-1501-483E-875F-DC776619F754}.Release|Any CPU.ActiveCfg = Release|Any CPU
		{F037017A-1501-483E-875F-DC776619F754}.Release|Any CPU.Build.0 = Release|Any CPU
		{05616B0F-F697-43F0-BF15-8EFA0886F3B2}.Debug|Any CPU.ActiveCfg = Debug|Any CPU
		{05616B0F-F697-43F0-BF15-8EFA0886F3B2}.Debug|Any CPU.Build.0 = Debug|Any CPU
		{05616B0F-F697-43F0-BF15-8EFA0886F3B2}.Release|Any CPU.ActiveCfg = Release|Any CPU
		{05616B0F-F697-43F0-BF15-8EFA0886F3B2}.Release|Any CPU.Build.0 = Release|Any CPU
		{31B891F5-9BFE-4D26-B34F-568E5E6FF690}.Debug|Any CPU.ActiveCfg = Debug|Any CPU
		{31B891F5-9BFE-4D26-B34F-568E5E6FF690}.Debug|Any CPU.Build.0 = Debug|Any CPU
		{31B891F5-9BFE-4D26-B34F-568E5E6FF690}.Release|Any CPU.ActiveCfg = Release|Any CPU
		{31B891F5-9BFE-4D26-B34F-568E5E6FF690}.Release|Any CPU.Build.0 = Release|Any CPU
		{7F9ACD5B-8223-48A7-9282-4530723DB465}.Debug|Any CPU.ActiveCfg = Debug|Any CPU
		{7F9ACD5B-8223-48A7-9282-4530723DB465}.Debug|Any CPU.Build.0 = Debug|Any CPU
		{7F9ACD5B-8223-48A7-9282-4530723DB465}.Release|Any CPU.ActiveCfg = Release|Any CPU
		{7F9ACD5B-8223-48A7-9282-4530723DB465}.Release|Any CPU.Build.0 = Release|Any CPU
		{9655256C-56FA-4BF3-85A5-5D57ECF6877D}.Debug|Any CPU.ActiveCfg = Debug|Any CPU
		{9655256C-56FA-4BF3-85A5-5D57ECF6877D}.Debug|Any CPU.Build.0 = Debug|Any CPU
		{9655256C-56FA-4BF3-85A5-5D57ECF6877D}.Release|Any CPU.ActiveCfg = Release|Any CPU
		{9655256C-56FA-4BF3-85A5-5D57ECF6877D}.Release|Any CPU.Build.0 = Release|Any CPU
		{028EB667-238A-4D79-9A32-76E86E3A5217}.Debug|Any CPU.ActiveCfg = Debug|Any CPU
		{028EB667-238A-4D79-9A32-76E86E3A5217}.Debug|Any CPU.Build.0 = Debug|Any CPU
		{028EB667-238A-4D79-9A32-76E86E3A5217}.Release|Any CPU.ActiveCfg = Release|Any CPU
		{028EB667-238A-4D79-9A32-76E86E3A5217}.Release|Any CPU.Build.0 = Release|Any CPU
		{B4A00979-79BE-4C19-9FB2-826405771C9F}.Debug|Any CPU.ActiveCfg = Debug|Any CPU
		{B4A00979-79BE-4C19-9FB2-826405771C9F}.Debug|Any CPU.Build.0 = Debug|Any CPU
		{B4A00979-79BE-4C19-9FB2-826405771C9F}.Release|Any CPU.ActiveCfg = Release|Any CPU
		{B4A00979-79BE-4C19-9FB2-826405771C9F}.Release|Any CPU.Build.0 = Release|Any CPU
		{C7751D34-CFB8-47D1-9A3A-1B91C8F3966F}.Debug|Any CPU.ActiveCfg = Debug|Any CPU
		{C7751D34-CFB8-47D1-9A3A-1B91C8F3966F}.Debug|Any CPU.Build.0 = Debug|Any CPU
		{C7751D34-CFB8-47D1-9A3A-1B91C8F3966F}.Release|Any CPU.ActiveCfg = Release|Any CPU
		{C7751D34-CFB8-47D1-9A3A-1B91C8F3966F}.Release|Any CPU.Build.0 = Release|Any CPU
	EndGlobalSection
	GlobalSection(SolutionProperties) = preSolution
		HideSolutionNode = FALSE
	EndGlobalSection
	GlobalSection(ExtensibilityGlobals) = postSolution
		SolutionGuid = {0C73B7D1-EEAD-438B-8775-18FBC0D908D3}
	EndGlobalSection
EndGlobal
