
Microsoft Visual Studio Solution File, Format Version 12.00
# Visual Studio Version 16
VisualStudioVersion = 16.0.30611.23
MinimumVisualStudioVersion = 10.0.40219.1
Project("{FAE04EC0-301F-11D3-BF4B-00C04F79EFBC}") = "EigenTypes", "EigenTypes\EigenTypes.csproj", "{B226666D-FB2D-444E-BC3E-AB8373A98CB4}"
EndProject
Project("{FAE04EC0-301F-11D3-BF4B-00C04F79EFBC}") = "VirtueleWereld", "VirtueleWereld\VirtueleWereld.csproj", "{AA619E22-7D61-4FC3-A8DC-E609031466DD}"
EndProject
Project("{FAE04EC0-301F-11D3-BF4B-00C04F79EFBC}") = "ACME", "ACME\ACME.csproj", "{D045F4F5-B05F-4492-977F-DA12CC577EAB}"
EndProject
Global
	GlobalSection(SolutionConfigurationPlatforms) = preSolution
		Debug|Any CPU = Debug|Any CPU
		Release|Any CPU = Release|Any CPU
	EndGlobalSection
	GlobalSection(ProjectConfigurationPlatforms) = postSolution
		{B226666D-FB2D-444E-BC3E-AB8373A98CB4}.Debug|Any CPU.ActiveCfg = Debug|Any CPU
		{B226666D-FB2D-444E-BC3E-AB8373A98CB4}.Debug|Any CPU.Build.0 = Debug|Any CPU
		{B226666D-FB2D-444E-BC3E-AB8373A98CB4}.Release|Any CPU.ActiveCfg = Release|Any CPU
		{B226666D-FB2D-444E-BC3E-AB8373A98CB4}.Release|Any CPU.Build.0 = Release|Any CPU
		{AA619E22-7D61-4FC3-A8DC-E609031466DD}.Debug|Any CPU.ActiveCfg = Debug|Any CPU
		{AA619E22-7D61-4FC3-A8DC-E609031466DD}.Debug|Any CPU.Build.0 = Debug|Any CPU
		{AA619E22-7D61-4FC3-A8DC-E609031466DD}.Release|Any CPU.ActiveCfg = Release|Any CPU
		{AA619E22-7D61-4FC3-A8DC-E609031466DD}.Release|Any CPU.Build.0 = Release|Any CPU
		{D045F4F5-B05F-4492-977F-DA12CC577EAB}.Debug|Any CPU.ActiveCfg = Debug|Any CPU
		{D045F4F5-B05F-4492-977F-DA12CC577EAB}.Debug|Any CPU.Build.0 = Debug|Any CPU
		{D045F4F5-B05F-4492-977F-DA12CC577EAB}.Release|Any CPU.ActiveCfg = Release|Any CPU
		{D045F4F5-B05F-4492-977F-DA12CC577EAB}.Release|Any CPU.Build.0 = Release|Any CPU
	EndGlobalSection
	GlobalSection(SolutionProperties) = preSolution
		HideSolutionNode = FALSE
	EndGlobalSection
	GlobalSection(ExtensibilityGlobals) = postSolution
		SolutionGuid = {EEC9132F-83B2-421D-9264-CCBEFD85AFA8}
	EndGlobalSection
EndGlobal
