
Microsoft Visual Studio Solution File, Format Version 12.00
# Visual Studio Version 16
VisualStudioVersion = 16.0.30611.23
MinimumVisualStudioVersion = 10.0.40219.1
Project("{FAE04EC0-301F-11D3-BF4B-00C04F79EFBC}") = "WinCalc", "WinCalc\WinCalc.csproj", "{8162EA6E-BD30-492C-AE6D-64E9ED76C086}"
EndProject
Global
	GlobalSection(SolutionConfigurationPlatforms) = preSolution
		Debug|Any CPU = Debug|Any CPU
		Release|Any CPU = Release|Any CPU
	EndGlobalSection
	GlobalSection(ProjectConfigurationPlatforms) = postSolution
		{8162EA6E-BD30-492C-AE6D-64E9ED76C086}.Debug|Any CPU.ActiveCfg = Debug|Any CPU
		{8162EA6E-BD30-492C-AE6D-64E9ED76C086}.Debug|Any CPU.Build.0 = Debug|Any CPU
		{8162EA6E-BD30-492C-AE6D-64E9ED76C086}.Release|Any CPU.ActiveCfg = Release|Any CPU
		{8162EA6E-BD30-492C-AE6D-64E9ED76C086}.Release|Any CPU.Build.0 = Release|Any CPU
	EndGlobalSection
	GlobalSection(SolutionProperties) = preSolution
		HideSolutionNode = FALSE
	EndGlobalSection
	GlobalSection(ExtensibilityGlobals) = postSolution
		SolutionGuid = {72ECED53-6A5F-43EB-8303-12F4D8253067}
	EndGlobalSection
EndGlobal
